
Microsoft Visual Studio Solution File, Format Version 12.00
# Visual Studio 2013
VisualStudioVersion = 12.0.30723.0
MinimumVisualStudioVersion = 10.0.40219.1
Project("{8BC9CEB8-8B4A-11D0-8D11-00A0C91BC942}") = "Task1", "Task1.vcxproj", "{52C43126-6E79-4BCA-B665-9B2E40D694F4}"
EndProject
Project("{8BC9CEB8-8B4A-11D0-8D11-00A0C91BC942}") = "Task2", "..\Task2\Task2.vcxproj", "{8B369CDF-C7FB-4C5A-99B1-FF390624CC67}"
EndProject
Project("{8BC9CEB8-8B4A-11D0-8D11-00A0C91BC942}") = "Task2Test", "..\Task2Test\Task2Test.vcxproj", "{EC56D4BA-6115-4248-A709-5EB44F0D8328}"
EndProject
Global
	GlobalSection(SolutionConfigurationPlatforms) = preSolution
		Debug|Win32 = Debug|Win32
		Release|Win32 = Release|Win32
	EndGlobalSection
	GlobalSection(ProjectConfigurationPlatforms) = postSolution
		{52C43126-6E79-4BCA-B665-9B2E40D694F4}.Debug|Win32.ActiveCfg = Debug|Win32
		{52C43126-6E79-4BCA-B665-9B2E40D694F4}.Debug|Win32.Build.0 = Debug|Win32
		{52C43126-6E79-4BCA-B665-9B2E40D694F4}.Release|Win32.ActiveCfg = Release|Win32
		{52C43126-6E79-4BCA-B665-9B2E40D694F4}.Release|Win32.Build.0 = Release|Win32
		{8B369CDF-C7FB-4C5A-99B1-FF390624CC67}.Debug|Win32.ActiveCfg = Debug|Win32
		{8B369CDF-C7FB-4C5A-99B1-FF390624CC67}.Debug|Win32.Build.0 = Debug|Win32
		{8B369CDF-C7FB-4C5A-99B1-FF390624CC67}.Release|Win32.ActiveCfg = Release|Win32
		{8B369CDF-C7FB-4C5A-99B1-FF390624CC67}.Release|Win32.Build.0 = Release|Win32
		{EC56D4BA-6115-4248-A709-5EB44F0D8328}.Debug|Win32.ActiveCfg = Debug|Win32
		{EC56D4BA-6115-4248-A709-5EB44F0D8328}.Debug|Win32.Build.0 = Debug|Win32
		{EC56D4BA-6115-4248-A709-5EB44F0D8328}.Release|Win32.ActiveCfg = Release|Win32
		{EC56D4BA-6115-4248-A709-5EB44F0D8328}.Release|Win32.Build.0 = Release|Win32
	EndGlobalSection
	GlobalSection(SolutionProperties) = preSolution
		HideSolutionNode = FALSE
	EndGlobalSection
EndGlobal
